
Microsoft Visual Studio Solution File, Format Version 12.00
# Visual Studio Version 17
VisualStudioVersion = 17.13.35806.99 d17.13
MinimumVisualStudioVersion = 10.0.40219.1
Project("{FAE04EC0-301F-11D3-BF4B-00C04F79EFBC}") = "PizzaciPOS", "PizzaciPOS\PizzaciPOS.csproj", "{DA15CAFD-5017-4A0D-B72F-3EF416D04333}"
EndProject
Global
	GlobalSection(SolutionConfigurationPlatforms) = preSolution
		Debug|Any CPU = Debug|Any CPU
		Release|Any CPU = Release|Any CPU
	EndGlobalSection
	GlobalSection(ProjectConfigurationPlatforms) = postSolution
		{DA15CAFD-5017-4A0D-B72F-3EF416D04333}.Debug|Any CPU.ActiveCfg = Debug|Any CPU
		{DA15CAFD-5017-4A0D-B72F-3EF416D04333}.Debug|Any CPU.Build.0 = Debug|Any CPU
		{DA15CAFD-5017-4A0D-B72F-3EF416D04333}.Release|Any CPU.ActiveCfg = Release|Any CPU
		{DA15CAFD-5017-4A0D-B72F-3EF416D04333}.Release|Any CPU.Build.0 = Release|Any CPU
	EndGlobalSection
	GlobalSection(SolutionProperties) = preSolution
		HideSolutionNode = FALSE
	EndGlobalSection
	GlobalSection(ExtensibilityGlobals) = postSolution
		SolutionGuid = {AEA6B2A2-9853-40D2-847D-A3E61FA3E330}
	EndGlobalSection
EndGlobal
